
Microsoft Visual Studio Solution File, Format Version 12.00
# Visual Studio Version 16
VisualStudioVersion = 16.0.30907.101
MinimumVisualStudioVersion = 10.0.40219.1
Project("{FAE04EC0-301F-11D3-BF4B-00C04F79EFBC}") = "HangmanGame", "adamAsmacaOyunu\HangmanGame.csproj", "{30C6CBD9-6260-4972-8333-54F7B4869092}"
EndProject
Global
	GlobalSection(SolutionConfigurationPlatforms) = preSolution
		Debug|Any CPU = Debug|Any CPU
		Release|Any CPU = Release|Any CPU
	EndGlobalSection
	GlobalSection(ProjectConfigurationPlatforms) = postSolution
		{30C6CBD9-6260-4972-8333-54F7B4869092}.Debug|Any CPU.ActiveCfg = Debug|Any CPU
		{30C6CBD9-6260-4972-8333-54F7B4869092}.Debug|Any CPU.Build.0 = Debug|Any CPU
		{30C6CBD9-6260-4972-8333-54F7B4869092}.Release|Any CPU.ActiveCfg = Release|Any CPU
		{30C6CBD9-6260-4972-8333-54F7B4869092}.Release|Any CPU.Build.0 = Release|Any CPU
	EndGlobalSection
	GlobalSection(SolutionProperties) = preSolution
		HideSolutionNode = FALSE
	EndGlobalSection
	GlobalSection(ExtensibilityGlobals) = postSolution
		SolutionGuid = {DDF47203-BC4F-4BF8-98C1-F0F8AFB5BE23}
	EndGlobalSection
EndGlobal
